
Microsoft Visual Studio Solution File, Format Version 12.00
# Visual Studio 15
VisualStudioVersion = 15.0.27130.2024
MinimumVisualStudioVersion = 10.0.40219.1
Project("{888888A0-9F3D-457C-B088-3A5042F75D52}") = "python-tutorial", "python-tutorial.pyproj", "{0E8FA71B-91B4-430F-9CB3-732B914B2A88}"
EndProject
Global
	GlobalSection(SolutionConfigurationPlatforms) = preSolution
		Debug|Any CPU = Debug|Any CPU
		Release|Any CPU = Release|Any CPU
	EndGlobalSection
	GlobalSection(ProjectConfigurationPlatforms) = postSolution
		{0E8FA71B-91B4-430F-9CB3-732B914B2A88}.Debug|Any CPU.ActiveCfg = Debug|Any CPU
		{0E8FA71B-91B4-430F-9CB3-732B914B2A88}.Release|Any CPU.ActiveCfg = Release|Any CPU
	EndGlobalSection
	GlobalSection(SolutionProperties) = preSolution
		HideSolutionNode = FALSE
	EndGlobalSection
	GlobalSection(ExtensibilityGlobals) = postSolution
		SolutionGuid = {B45C7525-2FB2-489F-916D-C28EEAC0D07D}
	EndGlobalSection
EndGlobal
